#
# This file is autogenerated by pip-compile with Python 3.12
# by the following command:
#
#    pip-compile --no-index --output-file=requirements-dev.lock requirements-dev.txt
#
alembic==1.20.0
    # via -r requirements.lock
annotated-doc==0.0.5
    # via
    #   -r requirements.lock
    #   fastapi
annotated-types==0.8.0
    # via
    #   -r requirements.lock
    #   pydantic
anyio==4.15.1
    # via
    #   -r requirements.lock
    #   httpx
    #   starlette
bcrypt==5.0.0
    # via -r requirements.lock
certifi==2026.7.22
    # via
    #   -r requirements.lock
    #   httpcore
    #   httpx
    #   requests
cffi==2.1.1
    # via
    #   -r requirements.lock
    #   cryptography
charset-normalizer==3.5.2
    # via
    #   -r requirements.lock
    #   requests
click==8.5.0
    # via
    #   -r requirements.lock
    #   uvicorn
colorama==0.4.6
    # via pytest
cryptography==50.0.2
    # via
    #   -r requirements-dev.txt
    #   -r requirements.lock
    #   google-auth
dnspython==2.8.0
    # via
    #   -r requirements.lock
    #   email-validator
email-validator==2.3.0
    # via -r requirements.lock
fastapi==0.142.2
    # via -r requirements.lock
google-auth[requests]==2.59.1
    # via -r requirements.lock
greenlet==3.5.6
    # via
    #   -r requirements.lock
    #   sqlalchemy
h11==0.16.0
    # via
    #   -r requirements.lock
    #   httpcore
    #   uvicorn
httpcore==1.0.9
    # via httpx
httpx==0.28.1
    # via -r requirements-dev.txt
idna==3.20
    # via
    #   -r requirements.lock
    #   anyio
    #   email-validator
    #   httpx
    #   requests
iniconfig==2.3.0
    # via pytest
mako==1.4.3
    # via
    #   -r requirements.lock
    #   alembic
markupsafe==3.0.4
    # via
    #   -r requirements.lock
    #   mako
opentelemetry-api==1.45.0
    # via
    #   -r requirements.lock
    #   fastapi
packaging==26.3
    # via
    #   -r requirements.lock
    #   pytesseract
    #   pytest
pillow==12.3.0
    # via
    #   -r requirements.lock
    #   pytesseract
pluggy==1.6.0
    # via pytest
psycopg[binary]==3.3.6
    # via -r requirements.lock
psycopg-binary==3.3.6
    # via
    #   -r requirements.lock
    #   psycopg
pyasn1==0.6.4
    # via
    #   -r requirements.lock
    #   pyasn1-modules
pyasn1-modules==0.4.2
    # via
    #   -r requirements.lock
    #   google-auth
pycparser==3.0
    # via
    #   -r requirements.lock
    #   cffi
pydantic==2.13.5
    # via
    #   -r requirements.lock
    #   fastapi
    #   sqlmodel
pydantic-core==2.46.5
    # via
    #   -r requirements.lock
    #   pydantic
pygments==2.21.0
    # via pytest
pyjwt==2.15.1
    # via -r requirements.lock
pytesseract==0.3.13
    # via -r requirements.lock
pytest==9.1.1
    # via -r requirements-dev.txt
python-multipart==0.0.32
    # via -r requirements.lock
requests==2.34.2
    # via
    #   -r requirements.lock
    #   google-auth
sqlalchemy==2.0.54
    # via
    #   -r requirements.lock
    #   alembic
    #   sqlmodel
sqlmodel==0.0.47
    # via -r requirements.lock
starlette==1.7.0
    # via
    #   -r requirements.lock
    #   fastapi
typing-extensions==4.16.0
    # via
    #   -r requirements.lock
    #   alembic
    #   anyio
    #   fastapi
    #   opentelemetry-api
    #   psycopg
    #   pydantic
    #   pydantic-core
    #   sqlalchemy
    #   sqlmodel
    #   starlette
    #   typing-inspection
typing-inspection==0.4.4
    # via
    #   -r requirements.lock
    #   fastapi
    #   pydantic
tzdata==2026.5
    # via
    #   -r requirements.lock
    #   psycopg
urllib3==2.8.0
    # via
    #   -r requirements.lock
    #   requests
uvicorn==0.54.0
    # via -r requirements.lock
